Microsoft Visual Studio Solution File, Format Version 12.00
# Visual Studio Version 16
VisualStudioVersion = 16.6.30114.105
MinimumVisualStudioVersion = 10.0.40219.1
Project("{9A19103F-16F7-4668-BE54-9A1E7A4F7556}") = "ArchiSteamFarm", "ArchiSteamFarm\ArchiSteamFarm.csproj", "{1501FF07-0114-473F-BDF2-7F8BA34C2948}"
EndProject
Project("{9A19103F-16F7-4668-BE54-9A1E7A4F7556}") = "ArchiSteamFarm.Tests", "ArchiSteamFarm.Tests\ArchiSteamFarm.Tests.csproj", "{D552661C-1356-4B82-A019-B83DC260ECF4}"
EndProject
Project("{9A19103F-16F7-4668-BE54-9A1E7A4F7556}") = "ArchiSteamFarm.CustomPlugins.ExamplePlugin", "ArchiSteamFarm.CustomPlugins.ExamplePlugin\ArchiSteamFarm.CustomPlugins.ExamplePlugin.csproj", "{6AE042DA-1152-4F3F-A197-65FD7509E8C6}"
EndProject
Project("{9A19103F-16F7-4668-BE54-9A1E7A4F7556}") = "ArchiSteamFarm.CustomPlugins.PeriodicGC", "ArchiSteamFarm.CustomPlugins.PeriodicGC\ArchiSteamFarm.CustomPlugins.PeriodicGC.csproj", "{0B8906EC-DF72-4CB8-9ECE-34961C056680}"
EndProject
Project("{9A19103F-16F7-4668-BE54-9A1E7A4F7556}") = "ArchiSteamFarm.OfficialPlugins.SteamTokenDumper", "ArchiSteamFarm.OfficialPlugins.SteamTokenDumper\ArchiSteamFarm.OfficialPlugins.SteamTokenDumper.csproj", "{324E42B1-3C5D-421D-A600-1BEEE7AF401A}"
EndProject
Project("{9A19103F-16F7-4668-BE54-9A1E7A4F7556}") = "ArchiSteamFarm.Library", "ArchiSteamFarm.Library\ArchiSteamFarm.Library.csproj", "{C22B160C-47FB-47D2-A503-93A054F18CFB}"
EndProject
Global
	GlobalSection(SolutionConfigurationPlatforms) = preSolution
		Debug|Any CPU = Debug|Any CPU
		Release|Any CPU = Release|Any CPU
	EndGlobalSection
	GlobalSection(ProjectConfigurationPlatforms) = postSolution
		{1501FF07-0114-473F-BDF2-7F8BA34C2948}.Debug|Any CPU.ActiveCfg = Debug|Any CPU
		{1501FF07-0114-473F-BDF2-7F8BA34C2948}.Debug|Any CPU.Build.0 = Debug|Any CPU
		{1501FF07-0114-473F-BDF2-7F8BA34C2948}.Release|Any CPU.ActiveCfg = Release|Any CPU
		{1501FF07-0114-473F-BDF2-7F8BA34C2948}.Release|Any CPU.Build.0 = Release|Any CPU
		{D552661C-1356-4B82-A019-B83DC260ECF4}.Debug|Any CPU.ActiveCfg = Debug|Any CPU
		{D552661C-1356-4B82-A019-B83DC260ECF4}.Debug|Any CPU.Build.0 = Debug|Any CPU
		{D552661C-1356-4B82-A019-B83DC260ECF4}.Release|Any CPU.ActiveCfg = Release|Any CPU
		{D552661C-1356-4B82-A019-B83DC260ECF4}.Release|Any CPU.Build.0 = Release|Any CPU
		{6AE042DA-1152-4F3F-A197-65FD7509E8C6}.Debug|Any CPU.ActiveCfg = Debug|Any CPU
		{6AE042DA-1152-4F3F-A197-65FD7509E8C6}.Debug|Any CPU.Build.0 = Debug|Any CPU
		{6AE042DA-1152-4F3F-A197-65FD7509E8C6}.Release|Any CPU.ActiveCfg = Release|Any CPU
		{6AE042DA-1152-4F3F-A197-65FD7509E8C6}.Release|Any CPU.Build.0 = Release|Any CPU
		{0B8906EC-DF72-4CB8-9ECE-34961C056680}.Debug|Any CPU.ActiveCfg = Debug|Any CPU
		{0B8906EC-DF72-4CB8-9ECE-34961C056680}.Debug|Any CPU.Build.0 = Debug|Any CPU
		{0B8906EC-DF72-4CB8-9ECE-34961C056680}.Release|Any CPU.ActiveCfg = Release|Any CPU
		{0B8906EC-DF72-4CB8-9ECE-34961C056680}.Release|Any CPU.Build.0 = Release|Any CPU
		{324E42B1-3C5D-421D-A600-1BEEE7AF401A}.Debug|Any CPU.ActiveCfg = Debug|Any CPU
		{324E42B1-3C5D-421D-A600-1BEEE7AF401A}.Debug|Any CPU.Build.0 = Debug|Any CPU
		{324E42B1-3C5D-421D-A600-1BEEE7AF401A}.Release|Any CPU.ActiveCfg = Release|Any CPU
		{324E42B1-3C5D-421D-A600-1BEEE7AF401A}.Release|Any CPU.Build.0 = Release|Any CPU
		{C22B160C-47FB-47D2-A503-93A054F18CFB}.Debug|Any CPU.ActiveCfg = Debug|Any CPU
		{C22B160C-47FB-47D2-A503-93A054F18CFB}.Debug|Any CPU.Build.0 = Debug|Any CPU
		{C22B160C-47FB-47D2-A503-93A054F18CFB}.Release|Any CPU.ActiveCfg = Release|Any CPU
		{C22B160C-47FB-47D2-A503-93A054F18CFB}.Release|Any CPU.Build.0 = Release|Any CPU
	EndGlobalSection
	GlobalSection(SolutionProperties) = preSolution
		HideSolutionNode = FALSE
	EndGlobalSection
	GlobalSection(ExtensibilityGlobals) = postSolution
		SolutionGuid = {BCE52171-B33F-489A-A27E-22D7995B690A}
	EndGlobalSection
EndGlobal
